// !$*UTF8*$!
{
	archiveVersion = 1;
	classes = {
	};
	objectVersion = 46;
	objects = {

/* Begin PBXBuildFile section */
		4EE1760D1DD91AC800A73CF4 /* AppDelegate.swift in Sources */ = {isa = PBXBuildFile; fileRef = 4EE1760C1DD91AC800A73CF4 /* AppDelegate.swift */; };
		4EE1760F1DD91AC800A73CF4 /* ViewController.swift in Sources */ = {isa = PBXBuildFile; fileRef = 4EE1760E1DD91AC800A73CF4 /* ViewController.swift */; };
		4EE176121DD91AC800A73CF4 /* Main.storyboard in Resources */ = {isa = PBXBuildFile; fileRef = 4EE176101DD91AC800A73CF4 /* Main.storyboard */; };
		4EE176141DD91AC800A73CF4 /* Assets.xcassets in Resources */ = {isa = PBXBuildFile; fileRef = 4EE176131DD91AC800A73CF4 /* Assets.xcassets */; };
		4EE176171DD91AC800A73CF4 /* LaunchScreen.storyboard in Resources */ = {isa = PBXBuildFile; fileRef = 4EE176151DD91AC800A73CF4 /* LaunchScreen.storyboard */; };
		4EEB12911DD91B4D00ADF5FE /* ColorPickerDelegate.swift in Sources */ = {isa = PBXBuildFile; fileRef = 4EEB12901DD91B4D00ADF5FE /* ColorPickerDelegate.swift */; };
		4EEB12931DD91B8B00ADF5FE /* ColorPickerViewController.swift in Sources */ = {isa = PBXBuildFile; fileRef = 4EEB12921DD91B8B00ADF5FE /* ColorPickerViewController.swift */; };
		5FBE5491187E5A276E4916ED /* Pods_colorpicker_delegate.framework in Frameworks */ = {isa = PBXBuildFile; fileRef = FCB25C92713506D92BF90F8A /* Pods_colorpicker_delegate.framework */; };
/* End PBXBuildFile section */

/* Begin PBXFileReference section */
		1B9991C4D97FBE8463369102 /* Pods-colorpicker-delegate.debug.xcconfig */ = {isa = PBXFileReference; includeInIndex = 1; lastKnownFileType = text.xcconfig; name = "Pods-colorpicker-delegate.debug.xcconfig"; path = "Pods/Target Support Files/Pods-colorpicker-delegate/Pods-colorpicker-delegate.debug.xcconfig"; sourceTree = "<group>"; };
		4EE176091DD91AC800A73CF4 /* colorpicker-delegate.app */ = {isa = PBXFileReference; explicitFileType = wrapper.application; includeInIndex = 0; path = "colorpicker-delegate.app"; sourceTree = BUILT_PRODUCTS_DIR; };
		4EE1760C1DD91AC800A73CF4 /* AppDelegate.swift */ = {isa = PBXFileReference; lastKnownFileType = sourcecode.swift; path = AppDelegate.swift; sourceTree = "<group>"; };
		4EE1760E1DD91AC800A73CF4 /* ViewController.swift */ = {isa = PBXFileReference; lastKnownFileType = sourcecode.swift; path = ViewController.swift; sourceTree = "<group>"; };
		4EE176111DD91AC800A73CF4 /* Base */ = {isa = PBXFileReference; lastKnownFileType = file.storyboard; name = Base; path = Base.lproj/Main.storyboard; sourceTree = "<group>"; };
		4EE176131DD91AC800A73CF4 /* Assets.xcassets */ = {isa = PBXFileReference; lastKnownFileType = folder.assetcatalog; path = Assets.xcassets; sourceTree = "<group>"; };
		4EE176161DD91AC800A73CF4 /* Base */ = {isa = PBXFileReference; lastKnownFileType = file.storyboard; name = Base; path = Base.lproj/LaunchScreen.storyboard; sourceTree = "<group>"; };
		4EE176181DD91AC800A73CF4 /* Info.plist */ = {isa = PBXFileReference; lastKnownFileType = text.plist.xml; path = Info.plist; sourceTree = "<group>"; };
		4EEB12901DD91B4D00ADF5FE /* ColorPickerDelegate.swift */ = {isa = PBXFileReference; fileEncoding = 4; lastKnownFileType = sourcecode.swift; path = ColorPickerDelegate.swift; sourceTree = "<group>"; };
		4EEB12921DD91B8B00ADF5FE /* ColorPickerViewController.swift */ = {isa = PBXFileReference; fileEncoding = 4; lastKnownFileType = sourcecode.swift; path = ColorPickerViewController.swift; sourceTree = "<group>"; };
		FA6E99B4799162BE5AAE47EF /* Pods-colorpicker-delegate.release.xcconfig */ = {isa = PBXFileReference; includeInIndex = 1; lastKnownFileType = text.xcconfig; name = "Pods-colorpicker-delegate.release.xcconfig"; path = "Pods/Target Support Files/Pods-colorpicker-delegate/Pods-colorpicker-delegate.release.xcconfig"; sourceTree = "<group>"; };
		FCB25C92713506D92BF90F8A /* Pods_colorpicker_delegate.framework */ = {isa = PBXFileReference; explicitFileType = wrapper.framework; includeInIndex = 0; path = Pods_colorpicker_delegate.framework; sourceTree = BUILT_PRODUCTS_DIR; };
/* End PBXFileReference section */

/* Begin PBXFrameworksBuildPhase section */
		4EE176061DD91AC800A73CF4 /* Frameworks */ = {
			isa = PBXFrameworksBuildPhase;
			buildActionMask = 2147483647;
			files = (
				5FBE5491187E5A276E4916ED /* Pods_colorpicker_delegate.framework in Frameworks */,
			);
			runOnlyForDeploymentPostprocessing = 0;
		};
/* End PBXFrameworksBuildPhase section */

/* Begin PBXGroup section */
		39553E9667582A4658429B46 /* Frameworks */ = {
			isa = PBXGroup;
			children = (
				FCB25C92713506D92BF90F8A /* Pods_colorpicker_delegate.framework */,
			);
			name = Frameworks;
			sourceTree = "<group>";
		};
		4EE176001DD91AC800A73CF4 = {
			isa = PBXGroup;
			children = (
				4EE1760B1DD91AC800A73CF4 /* colorpicker-delegate */,
				4EE1760A1DD91AC800A73CF4 /* Products */,
				A905E182B8011ED5EDED8B6F /* Pods */,
				39553E9667582A4658429B46 /* Frameworks */,
			);
			sourceTree = "<group>";
		};
		4EE1760A1DD91AC800A73CF4 /* Products */ = {
			isa = PBXGroup;
			children = (
				4EE176091DD91AC800A73CF4 /* colorpicker-delegate.app */,
			);
			name = Products;
			sourceTree = "<group>";
		};
		4EE1760B1DD91AC800A73CF4 /* colorpicker-delegate */ = {
			isa = PBXGroup;
			children = (
				4EE1760C1DD91AC800A73CF4 /* AppDelegate.swift */,
				4EE1760E1DD91AC800A73CF4 /* ViewController.swift */,
				4EE176101DD91AC800A73CF4 /* Main.storyboard */,
				4EE176131DD91AC800A73CF4 /* Assets.xcassets */,
				4EE176151DD91AC800A73CF4 /* LaunchScreen.storyboard */,
				4EE176181DD91AC800A73CF4 /* Info.plist */,
				4EEB12901DD91B4D00ADF5FE /* ColorPickerDelegate.swift */,
				4EEB12921DD91B8B00ADF5FE /* ColorPickerViewController.swift */,
			);
			path = "colorpicker-delegate";
			sourceTree = "<group>";
		};
		A905E182B8011ED5EDED8B6F /* Pods */ = {
			isa = PBXGroup;
			children = (
				1B9991C4D97FBE8463369102 /* Pods-colorpicker-delegate.debug.xcconfig */,
				FA6E99B4799162BE5AAE47EF /* Pods-colorpicker-delegate.release.xcconfig */,
			);
			name = Pods;
			sourceTree = "<group>";
		};
/* End PBXGroup section */

/* Begin PBXNativeTarget section */
		4EE176081DD91AC800A73CF4 /* colorpicker-delegate */ = {
			isa = PBXNativeTarget;
			buildConfigurationList = 4EE1761B1DD91AC800A73CF4 /* Build configuration list for PBXNativeTarget "colorpicker-delegate" */;
			buildPhases = (
				70ED7C679845004AB83A9F51 /* [CP] Check Pods Manifest.lock */,
				4EE176051DD91AC800A73CF4 /* Sources */,
				4EE176061DD91AC800A73CF4 /* Frameworks */,
				4EE176071DD91AC800A73CF4 /* Resources */,
				AC9BB80A20C17400871D881E /* [CP] Embed Pods Frameworks */,
				6C252EF98BB6BB60EE1263F3 /* [CP] Copy Pods Resources */,
			);
			buildRules = (
			);
			dependencies = (
			);
			name = "colorpicker-delegate";
			productName = "colorpicker-delegate";
			productReference = 4EE176091DD91AC800A73CF4 /* colorpicker-delegate.app */;
			productType = "com.apple.product-type.application";
		};
/* End PBXNativeTarget section */

/* Begin PBXProject section */
		4EE176011DD91AC800A73CF4 /* Project object */ = {
			isa = PBXProject;
			attributes = {
				LastSwiftUpdateCheck = 0810;
				LastUpgradeCheck = 0810;
				ORGANIZATIONNAME = "Jose Miguel Salcido";
				TargetAttributes = {
					4EE176081DD91AC800A73CF4 = {
						CreatedOnToolsVersion = 8.1;
						DevelopmentTeam = NYDS2HX4HT;
						ProvisioningStyle = Automatic;
					};
				};
			};
			buildConfigurationList = 4EE176041DD91AC800A73CF4 /* Build configuration list for PBXProject "colorpicker-delegate" */;
			compatibilityVersion = "Xcode 3.2";
			developmentRegion = English;
			hasScannedForEncodings = 0;
			knownRegions = (
				en,
				Base,
			);
			mainGroup = 4EE176001DD91AC800A73CF4;
			productRefGroup = 4EE1760A1DD91AC800A73CF4 /* Products */;
			projectDirPath = "";
			projectRoot = "";
			targets = (
				4EE176081DD91AC800A73CF4 /* colorpicker-delegate */,
			);
		};
/* End PBXProject section */

/* Begin PBXResourcesBuildPhase section */
		4EE176071DD91AC800A73CF4 /* Resources */ = {
			isa = PBXResourcesBuildPhase;
			buildActionMask = 2147483647;
			files = (
				4EE176171DD91AC800A73CF4 /* LaunchScreen.storyboard in Resources */,
				4EE176141DD91AC800A73CF4 /* Assets.xcassets in Resources */,
				4EE176121DD91AC800A73CF4 /* Main.storyboard in Resources */,
			);
			runOnlyForDeploymentPostprocessing = 0;
		};
/* End PBXResourcesBuildPhase section */

/* Begin PBXShellScriptBuildPhase section */
		6C252EF98BB6BB60EE1263F3 /* [CP] Copy Pods Resources */ = {
			isa = PBXShellScriptBuildPhase;
			buildActionMask = 2147483647;
			files = (
			);
			inputPaths = (
			);
			name = "[CP] Copy Pods Resources";
			outputPaths = (
			);
			runOnlyForDeploymentPostprocessing = 0;
			shellPath = /bin/sh;
			shellScript = "\"${SRCROOT}/Pods/Target Support Files/Pods-colorpicker-delegate/Pods-colorpicker-delegate-resources.sh\"\n";
			showEnvVarsInLog = 0;
		};
		70ED7C679845004AB83A9F51 /* [CP] Check Pods Manifest.lock */ = {
			isa = PBXShellScriptBuildPhase;
			buildActionMask = 2147483647;
			files = (
			);
			inputPaths = (
			);
			name = "[CP] Check Pods Manifest.lock";
			outputPaths = (
			);
			runOnlyForDeploymentPostprocessing = 0;
			shellPath = /bin/sh;
			shellScript = "diff \"${PODS_ROOT}/../Podfile.lock\" \"${PODS_ROOT}/Manifest.lock\" > /dev/null\nif [ $? != 0 ] ; then\n    # print error to STDERR\n    echo \"error: The sandbox is not in sync with the Podfile.lock. Run 'pod install' or update your CocoaPods installation.\" >&2\n    exit 1\nfi\n";
			showEnvVarsInLog = 0;
		};
		AC9BB80A20C17400871D881E /* [CP] Embed Pods Frameworks */ = {
			isa = PBXShellScriptBuildPhase;
			buildActionMask = 2147483647;
			files = (
			);
			inputPaths = (
			);
			name = "[CP] Embed Pods Frameworks";
			outputPaths = (
			);
			runOnlyForDeploymentPostprocessing = 0;
			shellPath = /bin/sh;
			shellScript = "\"${SRCROOT}/Pods/Target Support Files/Pods-colorpicker-delegate/Pods-colorpicker-delegate-frameworks.sh\"\n";
			showEnvVarsInLog = 0;
		};
/* End PBXShellScriptBuildPhase section */

/* Begin PBXSourcesBuildPhase section */
		4EE176051DD91AC800A73CF4 /* Sources */ = {
			isa = PBXSourcesBuildPhase;
			buildActionMask = 2147483647;
			files = (
				4EEB12911DD91B4D00ADF5FE /* ColorPickerDelegate.swift in Sources */,
				4EE1760F1DD91AC800A73CF4 /* ViewController.swift in Sources */,
				4EEB12931DD91B8B00ADF5FE /* ColorPickerViewController.swift in Sources */,
				4EE1760D1DD91AC800A73CF4 /* AppDelegate.swift in Sources */,
			);
			runOnlyForDeploymentPostprocessing = 0;
		};
/* End PBXSourcesBuildPhase section */

/* Begin PBXVariantGroup section */
		4EE176101DD91AC800A73CF4 /* Main.storyboard */ = {
			isa = PBXVariantGroup;
			children = (
				4EE176111DD91AC800A73CF4 /* Base */,
			);
			name = Main.storyboard;
			sourceTree = "<group>";
		};
		4EE176151DD91AC800A73CF4 /* LaunchScreen.storyboard */ = {
			isa = PBXVariantGroup;
			children = (
				4EE176161DD91AC800A73CF4 /* Base */,
			);
			name = LaunchScreen.storyboard;
			sourceTree = "<group>";
		};
/* End PBXVariantGroup section */

/* Begin XCBuildConfiguration section */
		4EE176191DD91AC800A73CF4 /* Debug */ = {
			isa = XCBuildConfiguration;
			buildSettings = {
				ALWAYS_SEARCH_USER_PATHS = NO;
				CLANG_ANALYZER_NONNULL = YES;
				CLANG_CXX_LANGUAGE_STANDARD = "gnu++0x";
				CLANG_CXX_LIBRARY = "libc++";
				CLANG_ENABLE_MODULES = YES;
				CLANG_ENABLE_OBJC_ARC = YES;
				CLANG_WARN_BOOL_CONVERSION = YES;
				CLANG_WARN_CONSTANT_CONVERSION = YES;
				CLANG_WARN_DIRECT_OBJC_ISA_USAGE = YES_ERROR;
				CLANG_WARN_DOCUMENTATION_COMMENTS = YES;
				CLANG_WARN_EMPTY_BODY = YES;
				CLANG_WARN_ENUM_CONVERSION = YES;
				CLANG_WARN_INFINITE_RECURSION = YES;
				CLANG_WARN_INT_CONVERSION = YES;
				CLANG_WARN_OBJC_ROOT_CLASS = YES_ERROR;
				CLANG_WARN_SUSPICIOUS_MOVES = YES;
				CLANG_WARN_UNREACHABLE_CODE = YES;
				CLANG_WARN__DUPLICATE_METHOD_MATCH = YES;
				"CODE_SIGN_IDENTITY[sdk=iphoneos*]" = "iPhone Developer";
				COPY_PHASE_STRIP = NO;
				DEBUG_INFORMATION_FORMAT = dwarf;
				ENABLE_STRICT_OBJC_MSGSEND = YES;
				ENABLE_TESTABILITY = YES;
				GCC_C_LANGUAGE_STANDARD = gnu99;
				GCC_DYNAMIC_NO_PIC = NO;
				GCC_NO_COMMON_BLOCKS = YES;
				GCC_OPTIMIZATION_LEVEL = 0;
				GCC_PREPROCESSOR_DEFINITIONS = (
					"DEBUG=1",
					"$(inherited)",
				);
				GCC_WARN_64_TO_32_BIT_CONVERSION = YES;
				GCC_WARN_ABOUT_RETURN_TYPE = YES_ERROR;
				GCC_WARN_UNDECLARED_SELECTOR = YES;
				GCC_WARN_UNINITIALIZED_AUTOS = YES_AGGRESSIVE;
				GCC_WARN_UNUSED_FUNCTION = YES;
				GCC_WARN_UNUSED_VARIABLE = YES;
				IPHONEOS_DEPLOYMENT_TARGET = 10.1;
				MTL_ENABLE_DEBUG_INFO = YES;
				ONLY_ACTIVE_ARCH = YES;
				SDKROOT = iphoneos;
				SWIFT_ACTIVE_COMPILATION_CONDITIONS = DEBUG;
				SWIFT_OPTIMIZATION_LEVEL = "-Onone";
				TARGETED_DEVICE_FAMILY = "1,2";
			};
			name = Debug;
		};
		4EE1761A1DD91AC800A73CF4 /* Release */ = {
			isa = XCBuildConfiguration;
			buildSettings = {
				ALWAYS_SEARCH_USER_PATHS = NO;
				CLANG_ANALYZER_NONNULL = YES;
				CLANG_CXX_LANGUAGE_STANDARD = "gnu++0x";
				CLANG_CXX_LIBRARY = "libc++";
				CLANG_ENABLE_MODULES = YES;
				CLANG_ENABLE_OBJC_ARC = YES;
				CLANG_WARN_BOOL_CONVERSION = YES;
				CLANG_WARN_CONSTANT_CONVERSION = YES;
				CLANG_WARN_DIRECT_OBJC_ISA_USAGE = YES_ERROR;
				CLANG_WARN_DOCUMENTATION_COMMENTS = YES;
				CLANG_WARN_EMPTY_BODY = YES;
				CLANG_WARN_ENUM_CONVERSION = YES;
				CLANG_WARN_INFINITE_RECURSION = YES;
				CLANG_WARN_INT_CONVERSION = YES;
				CLANG_WARN_OBJC_ROOT_CLASS = YES_ERROR;
				CLANG_WARN_SUSPICIOUS_MOVES = YES;
				CLANG_WARN_UNREACHABLE_CODE = YES;
				CLANG_WARN__DUPLICATE_METHOD_MATCH = YES;
				"CODE_SIGN_IDENTITY[sdk=iphoneos*]" = "iPhone Developer";
				COPY_PHASE_STRIP = NO;
				DEBUG_INFORMATION_FORMAT = "dwarf-with-dsym";
				ENABLE_NS_ASSERTIONS = NO;
				ENABLE_STRICT_OBJC_MSGSEND = YES;
				GCC_C_LANGUAGE_STANDARD = gnu99;
				GCC_NO_COMMON_BLOCKS = YES;
				GCC_WARN_64_TO_32_BIT_CONVERSION = YES;
				GCC_WARN_ABOUT_RETURN_TYPE = YES_ERROR;
				GCC_WARN_UNDECLARED_SELECTOR = YES;
				GCC_WARN_UNINITIALIZED_AUTOS = YES_AGGRESSIVE;
				GCC_WARN_UNUSED_FUNCTION = YES;
				GCC_WARN_UNUSED_VARIABLE = YES;
				IPHONEOS_DEPLOYMENT_TARGET = 10.1;
				MTL_ENABLE_DEBUG_INFO = NO;
				SDKROOT = iphoneos;
				SWIFT_OPTIMIZATION_LEVEL = "-Owholemodule";
				TARGETED_DEVICE_FAMILY = "1,2";
				VALIDATE_PRODUCT = YES;
			};
			name = Release;
		};
		4EE1761C1DD91AC800A73CF4 /* Debug */ = {
			isa = XCBuildConfiguration;
			baseConfigurationReference = 1B9991C4D97FBE8463369102 /* Pods-colorpicker-delegate.debug.xcconfig */;
			buildSettings = {
				ASSETCATALOG_COMPILER_APPICON_NAME = AppIcon;
				DEVELOPMENT_TEAM = NYDS2HX4HT;
				INFOPLIST_FILE = "colorpicker-delegate/Info.plist";
				LD_RUNPATH_SEARCH_PATHS = "$(inherited) @executable_path/Frameworks";
				PRODUCT_BUNDLE_IDENTIFIER = "org.otfusion.colorpicker-delegate";
				PRODUCT_NAME = "$(TARGET_NAME)";
				SWIFT_VERSION = 3.0;
			};
			name = Debug;
		};
		4EE1761D1DD91AC800A73CF4 /* Release */ = {
			isa = XCBuildConfiguration;
			baseConfigurationReference = FA6E99B4799162BE5AAE47EF /* Pods-colorpicker-delegate.release.xcconfig */;
			buildSettings = {
				ASSETCATALOG_COMPILER_APPICON_NAME = AppIcon;
				DEVELOPMENT_TEAM = NYDS2HX4HT;
				INFOPLIST_FILE = "colorpicker-delegate/Info.plist";
				LD_RUNPATH_SEARCH_PATHS = "$(inherited) @executable_path/Frameworks";
				PRODUCT_BUNDLE_IDENTIFIER = "org.otfusion.colorpicker-delegate";
				PRODUCT_NAME = "$(TARGET_NAME)";
				SWIFT_VERSION = 3.0;
			};
			name = Release;
		};
/* End XCBuildConfiguration section */

/* Begin XCConfigurationList section */
		4EE176041DD91AC800A73CF4 /* Build configuration list for PBXProject "colorpicker-delegate" */ = {
			isa = XCConfigurationList;
			buildConfigurations = (
				4EE176191DD91AC800A73CF4 /* Debug */,
				4EE1761A1DD91AC800A73CF4 /* Release */,
			);
			defaultConfigurationIsVisible = 0;
			defaultConfigurationName = Release;
		};
		4EE1761B1DD91AC800A73CF4 /* Build configuration list for PBXNativeTarget "colorpicker-delegate" */ = {
			isa = XCConfigurationList;
			buildConfigurations = (
				4EE1761C1DD91AC800A73CF4 /* Debug */,
				4EE1761D1DD91AC800A73CF4 /* Release */,
			);
			defaultConfigurationIsVisible = 0;
			defaultConfigurationName = Release;
		};
/* End XCConfigurationList section */
	};
	rootObject = 4EE176011DD91AC800A73CF4 /* Project object */;
}
